// !$*UTF8*$!
{
	archiveVersion = 1;
	classes = {
	};
	objectVersion = 50;
	objects = {

/* Begin PBXBuildFile section */
		FB2418092466B16D00FB0FDD /* AppDelegate.swift in Sources */ = {isa = PBXBuildFile; fileRef = FB2418082466B16D00FB0FDD /* AppDelegate.swift */; };
		FB24180B2466B16D00FB0FDD /* SceneDelegate.swift in Sources */ = {isa = PBXBuildFile; fileRef = FB24180A2466B16D00FB0FDD /* SceneDelegate.swift */; };
		FB24180D2466B16D00FB0FDD /* ViewController.swift in Sources */ = {isa = PBXBuildFile; fileRef = FB24180C2466B16D00FB0FDD /* ViewController.swift */; };
		FB2418102466B16D00FB0FDD /* Main.storyboard in Resources */ = {isa = PBXBuildFile; fileRef = FB24180E2466B16D00FB0FDD /* Main.storyboard */; };
		FB2418122466B16F00FB0FDD /* Assets.xcassets in Resources */ = {isa = PBXBuildFile; fileRef = FB2418112466B16F00FB0FDD /* Assets.xcassets */; };
		FB2418152466B16F00FB0FDD /* LaunchScreen.storyboard in Resources */ = {isa = PBXBuildFile; fileRef = FB2418132466B16F00FB0FDD /* LaunchScreen.storyboard */; };
/* End PBXBuildFile section */

/* Begin PBXFileReference section */
		FB2418052466B16D00FB0FDD /* codeForCorona.app */ = {isa = PBXFileReference; explicitFileType = wrapper.application; includeInIndex = 0; path = codeForCorona.app; sourceTree = BUILT_PRODUCTS_DIR; };
		FB2418082466B16D00FB0FDD /* AppDelegate.swift */ = {isa = PBXFileReference; lastKnownFileType = sourcecode.swift; path = AppDelegate.swift; sourceTree = "<group>"; };
		FB24180A2466B16D00FB0FDD /* SceneDelegate.swift */ = {isa = PBXFileReference; lastKnownFileType = sourcecode.swift; path = SceneDelegate.swift; sourceTree = "<group>"; };
		FB24180C2466B16D00FB0FDD /* ViewController.swift */ = {isa = PBXFileReference; lastKnownFileType = sourcecode.swift; path = ViewController.swift; sourceTree = "<group>"; };
		FB24180F2466B16D00FB0FDD /* Base */ = {isa = PBXFileReference; lastKnownFileType = file.storyboard; name = Base; path = Base.lproj/Main.storyboard; sourceTree = "<group>"; };
		FB2418112466B16F00FB0FDD /* Assets.xcassets */ = {isa = PBXFileReference; lastKnownFileType = folder.assetcatalog; path = Assets.xcassets; sourceTree = "<group>"; };
		FB2418142466B16F00FB0FDD /* Base */ = {isa = PBXFileReference; lastKnownFileType = file.storyboard; name = Base; path = Base.lproj/LaunchScreen.storyboard; sourceTree = "<group>"; };
		FB2418162466B16F00FB0FDD /* Info.plist */ = {isa = PBXFileReference; lastKnownFileType = text.plist.xml; path = Info.plist; sourceTree = "<group>"; };
/* End PBXFileReference section */

/* Begin PBXFrameworksBuildPhase section */
		FB2418022466B16D00FB0FDD /* Frameworks */ = {
			isa = PBXFrameworksBuildPhase;
			buildActionMask = 2147483647;
			files = (
			);
			runOnlyForDeploymentPostprocessing = 0;
		};
/* End PBXFrameworksBuildPhase section */

/* Begin PBXGroup section */
		FB2417FC2466B16D00FB0FDD = {
			isa = PBXGroup;
			children = (
				FB2418072466B16D00FB0FDD /* codeForCorona */,
				FB2418062466B16D00FB0FDD /* Products */,
			);
			sourceTree = "<group>";
		};
		FB2418062466B16D00FB0FDD /* Products */ = {
			isa = PBXGroup;
			children = (
				FB2418052466B16D00FB0FDD /* codeForCorona.app */,
			);
			name = Products;
			sourceTree = "<group>";
		};
		FB2418072466B16D00FB0FDD /* codeForCorona */ = {
			isa = PBXGroup;
			children = (
				FB2418082466B16D00FB0FDD /* AppDelegate.swift */,
				FB24180A2466B16D00FB0FDD /* SceneDelegate.swift */,
				FB24180C2466B16D00FB0FDD /* ViewController.swift */,
				FB24180E2466B16D00FB0FDD /* Main.storyboard */,
				FB2418112466B16F00FB0FDD /* Assets.xcassets */,
				FB2418132466B16F00FB0FDD /* LaunchScreen.storyboard */,
				FB2418162466B16F00FB0FDD /* Info.plist */,
			);
			path = codeForCorona;
			sourceTree = "<group>";
		};
/* End PBXGroup section */

/* Begin PBXNativeTarget section */
		FB2418042466B16D00FB0FDD /* codeForCorona */ = {
			isa = PBXNativeTarget;
			buildConfigurationList = FB2418192466B16F00FB0FDD /* Build configuration list for PBXNativeTarget "codeForCorona" */;
			buildPhases = (
				FB2418012466B16D00FB0FDD /* Sources */,
				FB2418022466B16D00FB0FDD /* Frameworks */,
				FB2418032466B16D00FB0FDD /* Resources */,
			);
			buildRules = (
			);
			dependencies = (
			);
			name = codeForCorona;
			productName = codeForCorona;
			productReference = FB2418052466B16D00FB0FDD /* codeForCorona.app */;
			productType = "com.apple.product-type.application";
		};
/* End PBXNativeTarget section */

/* Begin PBXProject section */
		FB2417FD2466B16D00FB0FDD /* Project object */ = {
			isa = PBXProject;
			attributes = {
				LastSwiftUpdateCheck = 1130;
				LastUpgradeCheck = 1130;
				ORGANIZATIONNAME = "David Walton";
				TargetAttributes = {
					FB2418042466B16D00FB0FDD = {
						CreatedOnToolsVersion = 11.3;
					};
				};
			};
			buildConfigurationList = FB2418002466B16D00FB0FDD /* Build configuration list for PBXProject "codeForCorona" */;
			compatibilityVersion = "Xcode 9.3";
			developmentRegion = en;
			hasScannedForEncodings = 0;
			knownRegions = (
				en,
				Base,
			);
			mainGroup = FB2417FC2466B16D00FB0FDD;
			productRefGroup = FB2418062466B16D00FB0FDD /* Products */;
			projectDirPath = "";
			projectRoot = "";
			targets = (
				FB2418042466B16D00FB0FDD /* codeForCorona */,
			);
		};
/* End PBXProject section */

/* Begin PBXResourcesBuildPhase section */
		FB2418032466B16D00FB0FDD /* Resources */ = {
			isa = PBXResourcesBuildPhase;
			buildActionMask = 2147483647;
			files = (
				FB2418152466B16F00FB0FDD /* LaunchScreen.storyboard in Resources */,
				FB2418122466B16F00FB0FDD /* Assets.xcassets in Resources */,
				FB2418102466B16D00FB0FDD /* Main.storyboard in Resources */,
			);
			runOnlyForDeploymentPostprocessing = 0;
		};
/* End PBXResourcesBuildPhase section */

/* Begin PBXSourcesBuildPhase section */
		FB2418012466B16D00FB0FDD /* Sources */ = {
			isa = PBXSourcesBuildPhase;
			buildActionMask = 2147483647;
			files = (
				FB24180D2466B16D00FB0FDD /* ViewController.swift in Sources */,
				FB2418092466B16D00FB0FDD /* AppDelegate.swift in Sources */,
				FB24180B2466B16D00FB0FDD /* SceneDelegate.swift in Sources */,
			);
			runOnlyForDeploymentPostprocessing = 0;
		};
/* End PBXSourcesBuildPhase section */

/* Begin PBXVariantGroup section */
		FB24180E2466B16D00FB0FDD /* Main.storyboard */ = {
			isa = PBXVariantGroup;
			children = (
				FB24180F2466B16D00FB0FDD /* Base */,
			);
			name = Main.storyboard;
			sourceTree = "<group>";
		};
		FB2418132466B16F00FB0FDD /* LaunchScreen.storyboard */ = {
			isa = PBXVariantGroup;
			children = (
				FB2418142466B16F00FB0FDD /* Base */,
			);
			name = LaunchScreen.storyboard;
			sourceTree = "<group>";
		};
/* End PBXVariantGroup section */

/* Begin XCBuildConfiguration section */
		FB2418172466B16F00FB0FDD /* Debug */ = {
			isa = XCBuildConfiguration;
			buildSettings = {
				ALWAYS_SEARCH_USER_PATHS = NO;
				CLANG_ANALYZER_NONNULL = YES;
				CLANG_ANALYZER_NUMBER_OBJECT_CONVERSION = YES_AGGRESSIVE;
				CLANG_CXX_LANGUAGE_STANDARD = "gnu++14";
				CLANG_CXX_LIBRARY = "libc++";
				CLANG_ENABLE_MODULES = YES;
				CLANG_ENABLE_OBJC_ARC = YES;
				CLANG_ENABLE_OBJC_WEAK = YES;
				CLANG_WARN_BLOCK_CAPTURE_AUTORELEASING = YES;
				CLANG_WARN_BOOL_CONVERSION = YES;
				CLANG_WARN_COMMA = YES;
				CLANG_WARN_CONSTANT_CONVERSION = YES;
				CLANG_WARN_DEPRECATED_OBJC_IMPLEMENTATIONS = YES;
				CLANG_WARN_DIRECT_OBJC_ISA_USAGE = YES_ERROR;
				CLANG_WARN_DOCUMENTATION_COMMENTS = YES;
				CLANG_WARN_EMPTY_BODY = YES;
				CLANG_WARN_ENUM_CONVERSION = YES;
				CLANG_WARN_INFINITE_RECURSION = YES;
				CLANG_WARN_INT_CONVERSION = YES;
				CLANG_WARN_NON_LITERAL_NULL_CONVERSION = YES;
				CLANG_WARN_OBJC_IMPLICIT_RETAIN_SELF = YES;
				CLANG_WARN_OBJC_LITERAL_CONVERSION = YES;
				CLANG_WARN_OBJC_ROOT_CLASS = YES_ERROR;
				CLANG_WARN_RANGE_LOOP_ANALYSIS = YES;
				CLANG_WARN_STRICT_PROTOTYPES = YES;
				CLANG_WARN_SUSPICIOUS_MOVE = YES;
				CLANG_WARN_UNGUARDED_AVAILABILITY = YES_AGGRESSIVE;
				CLANG_WARN_UNREACHABLE_CODE = YES;
				CLANG_WARN__DUPLICATE_METHOD_MATCH = YES;
				COPY_PHASE_STRIP = NO;
				DEBUG_INFORMATION_FORMAT = dwarf;
				ENABLE_STRICT_OBJC_MSGSEND = YES;
				ENABLE_TESTABILITY = YES;
				GCC_C_LANGUAGE_STANDARD = gnu11;
				GCC_DYNAMIC_NO_PIC = NO;
				GCC_NO_COMMON_BLOCKS = YES;
				GCC_OPTIMIZATION_LEVEL = 0;
				GCC_PREPROCESSOR_DEFINITIONS = (
					"DEBUG=1",
					"$(inherited)",
				);
				GCC_WARN_64_TO_32_BIT_CONVERSION = YES;
				GCC_WARN_ABOUT_RETURN_TYPE = YES_ERROR;
				GCC_WARN_UNDECLARED_SELECTOR = YES;
				GCC_WARN_UNINITIALIZED_AUTOS = YES_AGGRESSIVE;
				GCC_WARN_UNUSED_FUNCTION = YES;
				GCC_WARN_UNUSED_VARIABLE = YES;
				IPHONEOS_DEPLOYMENT_TARGET = 13.2;
				MTL_ENABLE_DEBUG_INFO = INCLUDE_SOURCE;
				MTL_FAST_MATH = YES;
				ONLY_ACTIVE_ARCH = YES;
				SDKROOT = iphoneos;
				SWIFT_ACTIVE_COMPILATION_CONDITIONS = DEBUG;
				SWIFT_OPTIMIZATION_LEVEL = "-Onone";
			};
			name = Debug;
		};
		FB2418182466B16F00FB0FDD /* Release */ = {
			isa = XCBuildConfiguration;
			buildSettings = {
				ALWAYS_SEARCH_USER_PATHS = NO;
				CLANG_ANALYZER_NONNULL = YES;
				CLANG_ANALYZER_NUMBER_OBJECT_CONVERSION = YES_AGGRESSIVE;
				CLANG_CXX_LANGUAGE_STANDARD = "gnu++14";
				CLANG_CXX_LIBRARY = "libc++";
				CLANG_ENABLE_MODULES = YES;
				CLANG_ENABLE_OBJC_ARC = YES;
				CLANG_ENABLE_OBJC_WEAK = YES;
				CLANG_WARN_BLOCK_CAPTURE_AUTORELEASING = YES;
				CLANG_WARN_BOOL_CONVERSION = YES;
				CLANG_WARN_COMMA = YES;
				CLANG_WARN_CONSTANT_CONVERSION = YES;
				CLANG_WARN_DEPRECATED_OBJC_IMPLEMENTATIONS = YES;
				CLANG_WARN_DIRECT_OBJC_ISA_USAGE = YES_ERROR;
				CLANG_WARN_DOCUMENTATION_COMMENTS = YES;
				CLANG_WARN_EMPTY_BODY = YES;
				CLANG_WARN_ENUM_CONVERSION = YES;
				CLANG_WARN_INFINITE_RECURSION = YES;
				CLANG_WARN_INT_CONVERSION = YES;
				CLANG_WARN_NON_LITERAL_NULL_CONVERSION = YES;
				CLANG_WARN_OBJC_IMPLICIT_RETAIN_SELF = YES;
				CLANG_WARN_OBJC_LITERAL_CONVERSION = YES;
				CLANG_WARN_OBJC_ROOT_CLASS = YES_ERROR;
				CLANG_WARN_RANGE_LOOP_ANALYSIS = YES;
				CLANG_WARN_STRICT_PROTOTYPES = YES;
				CLANG_WARN_SUSPICIOUS_MOVE = YES;
				CLANG_WARN_UNGUARDED_AVAILABILITY = YES_AGGRESSIVE;
				CLANG_WARN_UNREACHABLE_CODE = YES;
				CLANG_WARN__DUPLICATE_METHOD_MATCH = YES;
				COPY_PHASE_STRIP = NO;
				DEBUG_INFORMATION_FORMAT = "dwarf-with-dsym";
				ENABLE_NS_ASSERTIONS = NO;
				ENABLE_STRICT_OBJC_MSGSEND = YES;
				GCC_C_LANGUAGE_STANDARD = gnu11;
				GCC_NO_COMMON_BLOCKS = YES;
				GCC_WARN_64_TO_32_BIT_CONVERSION = YES;
				GCC_WARN_ABOUT_RETURN_TYPE = YES_ERROR;
				GCC_WARN_UNDECLARED_SELECTOR = YES;
				GCC_WARN_UNINITIALIZED_AUTOS = YES_AGGRESSIVE;
				GCC_WARN_UNUSED_FUNCTION = YES;
				GCC_WARN_UNUSED_VARIABLE = YES;
				IPHONEOS_DEPLOYMENT_TARGET = 13.2;
				MTL_ENABLE_DEBUG_INFO = NO;
				MTL_FAST_MATH = YES;
				SDKROOT = iphoneos;
				SWIFT_COMPILATION_MODE = wholemodule;
				SWIFT_OPTIMIZATION_LEVEL = "-O";
				VALIDATE_PRODUCT = YES;
			};
			name = Release;
		};
		FB24181A2466B16F00FB0FDD /* Debug */ = {
			isa = XCBuildConfiguration;
			buildSettings = {
				ASSETCATALOG_COMPILER_APPICON_NAME = AppIcon;
				CODE_SIGN_STYLE = Automatic;
				DEVELOPMENT_TEAM = 5G8Q56V478;
				INFOPLIST_FILE = codeForCorona/Info.plist;
				LD_RUNPATH_SEARCH_PATHS = (
					"$(inherited)",
					"@executable_path/Frameworks",
				);
				PRODUCT_BUNDLE_IDENTIFIER = dwalton.codeForCorona;
				PRODUCT_NAME = "$(TARGET_NAME)";
				SWIFT_VERSION = 5.0;
				TARGETED_DEVICE_FAMILY = "1,2";
			};
			name = Debug;
		};
		FB24181B2466B16F00FB0FDD /* Release */ = {
			isa = XCBuildConfiguration;
			buildSettings = {
				ASSETCATALOG_COMPILER_APPICON_NAME = AppIcon;
				CODE_SIGN_STYLE = Automatic;
				DEVELOPMENT_TEAM = 5G8Q56V478;
				INFOPLIST_FILE = codeForCorona/Info.plist;
				LD_RUNPATH_SEARCH_PATHS = (
					"$(inherited)",
					"@executable_path/Frameworks",
				);
				PRODUCT_BUNDLE_IDENTIFIER = dwalton.codeForCorona;
				PRODUCT_NAME = "$(TARGET_NAME)";
				SWIFT_VERSION = 5.0;
				TARGETED_DEVICE_FAMILY = "1,2";
			};
			name = Release;
		};
/* End XCBuildConfiguration section */

/* Begin XCConfigurationList section */
		FB2418002466B16D00FB0FDD /* Build configuration list for PBXProject "codeForCorona" */ = {
			isa = XCConfigurationList;
			buildConfigurations = (
				FB2418172466B16F00FB0FDD /* Debug */,
				FB2418182466B16F00FB0FDD /* Release */,
			);
			defaultConfigurationIsVisible = 0;
			defaultConfigurationName = Release;
		};
		FB2418192466B16F00FB0FDD /* Build configuration list for PBXNativeTarget "codeForCorona" */ = {
			isa = XCConfigurationList;
			buildConfigurations = (
				FB24181A2466B16F00FB0FDD /* Debug */,
				FB24181B2466B16F00FB0FDD /* Release */,
			);
			defaultConfigurationIsVisible = 0;
			defaultConfigurationName = Release;
		};
/* End XCConfigurationList section */
	};
	rootObject = FB2417FD2466B16D00FB0FDD /* Project object */;
}
